
Microsoft Visual Studio Solution File, Format Version 12.00
# Visual Studio 15
VisualStudioVersion = 15.0.28307.136
MinimumVisualStudioVersion = 10.0.40219.1
Project("{9A19103F-16F7-4668-BE54-9A1E7A4F7556}") = "reactMvcApp", "reactMvcApp.csproj", "{DB6FD6E1-434E-4C18-B88E-EF8326B5AF25}"
EndProject
Project("{FAE04EC0-301F-11D3-BF4B-00C04F79EFBC}") = "MovieInterface.DAL", "MovieInterface.DAL\MovieInterface.DAL.csproj", "{CE03146D-0E2E-4A69-AF63-78EF40273E53}"
EndProject
Project("{FAE04EC0-301F-11D3-BF4B-00C04F79EFBC}") = "MovieInterface.Service", "MovieInterface.Service\MovieInterface.Service.csproj", "{E9CAF53C-7E6A-47B6-9F4F-B9FB61F36281}"
EndProject
Global
	GlobalSection(SolutionConfigurationPlatforms) = preSolution
		Debug|Any CPU = Debug|Any CPU
		Release|Any CPU = Release|Any CPU
	EndGlobalSection
	GlobalSection(ProjectConfigurationPlatforms) = postSolution
		{DB6FD6E1-434E-4C18-B88E-EF8326B5AF25}.Debug|Any CPU.ActiveCfg = Debug|Any CPU
		{DB6FD6E1-434E-4C18-B88E-EF8326B5AF25}.Debug|Any CPU.Build.0 = Debug|Any CPU
		{DB6FD6E1-434E-4C18-B88E-EF8326B5AF25}.Release|Any CPU.ActiveCfg = Release|Any CPU
		{DB6FD6E1-434E-4C18-B88E-EF8326B5AF25}.Release|Any CPU.Build.0 = Release|Any CPU
		{CE03146D-0E2E-4A69-AF63-78EF40273E53}.Debug|Any CPU.ActiveCfg = Debug|Any CPU
		{CE03146D-0E2E-4A69-AF63-78EF40273E53}.Debug|Any CPU.Build.0 = Debug|Any CPU
		{CE03146D-0E2E-4A69-AF63-78EF40273E53}.Release|Any CPU.ActiveCfg = Release|Any CPU
		{CE03146D-0E2E-4A69-AF63-78EF40273E53}.Release|Any CPU.Build.0 = Release|Any CPU
		{E9CAF53C-7E6A-47B6-9F4F-B9FB61F36281}.Debug|Any CPU.ActiveCfg = Debug|Any CPU
		{E9CAF53C-7E6A-47B6-9F4F-B9FB61F36281}.Debug|Any CPU.Build.0 = Debug|Any CPU
		{E9CAF53C-7E6A-47B6-9F4F-B9FB61F36281}.Release|Any CPU.ActiveCfg = Release|Any CPU
		{E9CAF53C-7E6A-47B6-9F4F-B9FB61F36281}.Release|Any CPU.Build.0 = Release|Any CPU
	EndGlobalSection
	GlobalSection(SolutionProperties) = preSolution
		HideSolutionNode = FALSE
	EndGlobalSection
	GlobalSection(ExtensibilityGlobals) = postSolution
		SolutionGuid = {C9393274-8ACC-4800-8C14-571C62A5BA26}
	EndGlobalSection
EndGlobal
